
Microsoft Visual Studio Solution File, Format Version 12.00
# Visual Studio 2013
VisualStudioVersion = 12.0.21005.1
MinimumVisualStudioVersion = 10.0.40219.1
Project("{2150E333-8FDC-42A3-9474-1A3956D46DE8}") = "CityIndex", "CityIndex", "{1E354B23-6212-4507-A152-25C33FF92056}"
EndProject
Project("{2150E333-8FDC-42A3-9474-1A3956D46DE8}") = "Core", "Core", "{70D59D70-3C20-4558-9F54-FED1C9CDF874}"
EndProject
Project("{2150E333-8FDC-42A3-9474-1A3956D46DE8}") = "SocketServer", "SocketServer", "{C5AE3434-9761-4364-BCA3-A592036D2C7E}"
EndProject
Project("{2150E333-8FDC-42A3-9474-1A3956D46DE8}") = "Tests", "Tests", "{2DE4CEEA-D905-4746-AE95-16FBB6D7E4B0}"
EndProject
Project("{FAE04EC0-301F-11D3-BF4B-00C04F79EFBC}") = "StreamingServer.CityIndexLightstreamerClient", "CityIndex\StreamingServer.CityIndexLightstreamerClient\StreamingServer.CityIndexLightstreamerClient.csproj", "{49DBFF7F-CB55-4A08-9D5B-9A4D1B518CC1}"
EndProject
Project("{FAE04EC0-301F-11D3-BF4B-00C04F79EFBC}") = "StreamingServer.CityIndexWebClient", "CityIndex\StreamingServer.CityIndexWebClient\StreamingServer.CityIndexWebClient.csproj", "{98B16864-B5DA-4DC2-B0D5-E1CE3D7A5160}"
EndProject
Project("{FAE04EC0-301F-11D3-BF4B-00C04F79EFBC}") = "StreamingServer.Common", "Core\StreamingServer.Common\StreamingServer.Common.csproj", "{F63213C8-B533-4771-ADD7-47D48D328C15}"
EndProject
Project("{FAE04EC0-301F-11D3-BF4B-00C04F79EFBC}") = "StreamingServer.Core", "Core\StreamingServer.Core\StreamingServer.Core.csproj", "{5745C810-B656-4DAD-8D8A-82C2088BD06D}"
EndProject
Project("{FAE04EC0-301F-11D3-BF4B-00C04F79EFBC}") = "StreamingServer.DependencyInjection", "Core\StreamingServer.DependencyInjection\StreamingServer.DependencyInjection.csproj", "{847E63D6-B726-4971-A084-1E5E0346BA8D}"
EndProject
Project("{FAE04EC0-301F-11D3-BF4B-00C04F79EFBC}") = "StreamingServer.LightstreamerClient", "Core\StreamingServer.LightstreamerClient\StreamingServer.LightstreamerClient.csproj", "{69539323-E7B2-4ED1-8C80-BD31E16FCA81}"
EndProject
Project("{FAE04EC0-301F-11D3-BF4B-00C04F79EFBC}") = "StreamingServer.SocketServer", "SocketServer\StreamingServer.SocketServer\StreamingServer.SocketServer.csproj", "{95229643-E65D-4F69-B7AD-FBCE3166E34A}"
EndProject
Project("{FAE04EC0-301F-11D3-BF4B-00C04F79EFBC}") = "StreamingServer.SocketServer.Runner", "SocketServer\StreamingServer.SocketServer.Runner\StreamingServer.SocketServer.Runner.csproj", "{BC74D27B-6100-471D-AA4F-AAC0D2CA2F61}"
EndProject
Project("{FAE04EC0-301F-11D3-BF4B-00C04F79EFBC}") = "StreamingServer.SocketServer.TestClient", "Tests\StreamingServer.SocketServer.TestClient\StreamingServer.SocketServer.TestClient.csproj", "{7426AC71-4142-4F4B-8D68-98DFFEF780A1}"
EndProject
Project("{FAE04EC0-301F-11D3-BF4B-00C04F79EFBC}") = "StreamingServer.Tests", "Tests\StreamingServer.Tests\StreamingServer.Tests.csproj", "{9DAC2AC7-F38A-4CF7-98D6-2A766BD4B047}"
EndProject
Project("{2150E333-8FDC-42A3-9474-1A3956D46DE8}") = ".nuget", ".nuget", "{2CCA0B14-1BA4-4DB4-B0BC-FFAA8E8B519C}"
	ProjectSection(SolutionItems) = preProject
		.nuget\NuGet.Config = .nuget\NuGet.Config
		.nuget\NuGet.exe = .nuget\NuGet.exe
		.nuget\NuGet.targets = .nuget\NuGet.targets
	EndProjectSection
EndProject
Global
	GlobalSection(SolutionConfigurationPlatforms) = preSolution
		Debug|Any CPU = Debug|Any CPU
		Release|Any CPU = Release|Any CPU
	EndGlobalSection
	GlobalSection(ProjectConfigurationPlatforms) = postSolution
		{49DBFF7F-CB55-4A08-9D5B-9A4D1B518CC1}.Debug|Any CPU.ActiveCfg = Debug|Any CPU
		{49DBFF7F-CB55-4A08-9D5B-9A4D1B518CC1}.Debug|Any CPU.Build.0 = Debug|Any CPU
		{49DBFF7F-CB55-4A08-9D5B-9A4D1B518CC1}.Release|Any CPU.ActiveCfg = Release|Any CPU
		{49DBFF7F-CB55-4A08-9D5B-9A4D1B518CC1}.Release|Any CPU.Build.0 = Release|Any CPU
		{98B16864-B5DA-4DC2-B0D5-E1CE3D7A5160}.Debug|Any CPU.ActiveCfg = Debug|Any CPU
		{98B16864-B5DA-4DC2-B0D5-E1CE3D7A5160}.Debug|Any CPU.Build.0 = Debug|Any CPU
		{98B16864-B5DA-4DC2-B0D5-E1CE3D7A5160}.Release|Any CPU.ActiveCfg = Release|Any CPU
		{98B16864-B5DA-4DC2-B0D5-E1CE3D7A5160}.Release|Any CPU.Build.0 = Release|Any CPU
		{F63213C8-B533-4771-ADD7-47D48D328C15}.Debug|Any CPU.ActiveCfg = Debug|Any CPU
		{F63213C8-B533-4771-ADD7-47D48D328C15}.Debug|Any CPU.Build.0 = Debug|Any CPU
		{F63213C8-B533-4771-ADD7-47D48D328C15}.Release|Any CPU.ActiveCfg = Release|Any CPU
		{F63213C8-B533-4771-ADD7-47D48D328C15}.Release|Any CPU.Build.0 = Release|Any CPU
		{5745C810-B656-4DAD-8D8A-82C2088BD06D}.Debug|Any CPU.ActiveCfg = Debug|Any CPU
		{5745C810-B656-4DAD-8D8A-82C2088BD06D}.Debug|Any CPU.Build.0 = Debug|Any CPU
		{5745C810-B656-4DAD-8D8A-82C2088BD06D}.Release|Any CPU.ActiveCfg = Release|Any CPU
		{5745C810-B656-4DAD-8D8A-82C2088BD06D}.Release|Any CPU.Build.0 = Release|Any CPU
		{847E63D6-B726-4971-A084-1E5E0346BA8D}.Debug|Any CPU.ActiveCfg = Debug|Any CPU
		{847E63D6-B726-4971-A084-1E5E0346BA8D}.Debug|Any CPU.Build.0 = Debug|Any CPU
		{847E63D6-B726-4971-A084-1E5E0346BA8D}.Release|Any CPU.ActiveCfg = Release|Any CPU
		{847E63D6-B726-4971-A084-1E5E0346BA8D}.Release|Any CPU.Build.0 = Release|Any CPU
		{69539323-E7B2-4ED1-8C80-BD31E16FCA81}.Debug|Any CPU.ActiveCfg = Debug|Any CPU
		{69539323-E7B2-4ED1-8C80-BD31E16FCA81}.Debug|Any CPU.Build.0 = Debug|Any CPU
		{69539323-E7B2-4ED1-8C80-BD31E16FCA81}.Release|Any CPU.ActiveCfg = Release|Any CPU
		{69539323-E7B2-4ED1-8C80-BD31E16FCA81}.Release|Any CPU.Build.0 = Release|Any CPU
		{95229643-E65D-4F69-B7AD-FBCE3166E34A}.Debug|Any CPU.ActiveCfg = Debug|Any CPU
		{95229643-E65D-4F69-B7AD-FBCE3166E34A}.Debug|Any CPU.Build.0 = Debug|Any CPU
		{95229643-E65D-4F69-B7AD-FBCE3166E34A}.Release|Any CPU.ActiveCfg = Release|Any CPU
		{95229643-E65D-4F69-B7AD-FBCE3166E34A}.Release|Any CPU.Build.0 = Release|Any CPU
		{BC74D27B-6100-471D-AA4F-AAC0D2CA2F61}.Debug|Any CPU.ActiveCfg = Debug|Any CPU
		{BC74D27B-6100-471D-AA4F-AAC0D2CA2F61}.Debug|Any CPU.Build.0 = Debug|Any CPU
		{BC74D27B-6100-471D-AA4F-AAC0D2CA2F61}.Release|Any CPU.ActiveCfg = Release|Any CPU
		{BC74D27B-6100-471D-AA4F-AAC0D2CA2F61}.Release|Any CPU.Build.0 = Release|Any CPU
		{7426AC71-4142-4F4B-8D68-98DFFEF780A1}.Debug|Any CPU.ActiveCfg = Debug|Any CPU
		{7426AC71-4142-4F4B-8D68-98DFFEF780A1}.Debug|Any CPU.Build.0 = Debug|Any CPU
		{7426AC71-4142-4F4B-8D68-98DFFEF780A1}.Release|Any CPU.ActiveCfg = Release|Any CPU
		{7426AC71-4142-4F4B-8D68-98DFFEF780A1}.Release|Any CPU.Build.0 = Release|Any CPU
		{9DAC2AC7-F38A-4CF7-98D6-2A766BD4B047}.Debug|Any CPU.ActiveCfg = Debug|Any CPU
		{9DAC2AC7-F38A-4CF7-98D6-2A766BD4B047}.Debug|Any CPU.Build.0 = Debug|Any CPU
		{9DAC2AC7-F38A-4CF7-98D6-2A766BD4B047}.Release|Any CPU.ActiveCfg = Release|Any CPU
		{9DAC2AC7-F38A-4CF7-98D6-2A766BD4B047}.Release|Any CPU.Build.0 = Release|Any CPU
	EndGlobalSection
	GlobalSection(SolutionProperties) = preSolution
		HideSolutionNode = FALSE
	EndGlobalSection
	GlobalSection(NestedProjects) = preSolution
		{49DBFF7F-CB55-4A08-9D5B-9A4D1B518CC1} = {1E354B23-6212-4507-A152-25C33FF92056}
		{98B16864-B5DA-4DC2-B0D5-E1CE3D7A5160} = {1E354B23-6212-4507-A152-25C33FF92056}
		{F63213C8-B533-4771-ADD7-47D48D328C15} = {70D59D70-3C20-4558-9F54-FED1C9CDF874}
		{5745C810-B656-4DAD-8D8A-82C2088BD06D} = {70D59D70-3C20-4558-9F54-FED1C9CDF874}
		{847E63D6-B726-4971-A084-1E5E0346BA8D} = {70D59D70-3C20-4558-9F54-FED1C9CDF874}
		{69539323-E7B2-4ED1-8C80-BD31E16FCA81} = {70D59D70-3C20-4558-9F54-FED1C9CDF874}
		{95229643-E65D-4F69-B7AD-FBCE3166E34A} = {C5AE3434-9761-4364-BCA3-A592036D2C7E}
		{BC74D27B-6100-471D-AA4F-AAC0D2CA2F61} = {C5AE3434-9761-4364-BCA3-A592036D2C7E}
		{7426AC71-4142-4F4B-8D68-98DFFEF780A1} = {2DE4CEEA-D905-4746-AE95-16FBB6D7E4B0}
		{9DAC2AC7-F38A-4CF7-98D6-2A766BD4B047} = {2DE4CEEA-D905-4746-AE95-16FBB6D7E4B0}
	EndGlobalSection
EndGlobal
